<?xml version="1.0" encoding="UTF-8"?>
<Scheme
   LastUpgradeVersion = "0720"
   version = "1.3">
   <BuildAction
      parallelizeBuildables = "YES"
      buildImplicitDependencies = "YES">
      <BuildActionEntries>
         <BuildActionEntry
            buildForTesting = "YES"
            buildForRunning = "YES"
            buildForProfiling = "YES"
            buildForArchiving = "YES"
            buildForAnalyzing = "YES">
            <BuildableReference
               BuildableIdentifier = "primary"
               BlueprintIdentifier = "4B004C231C9C4B4C002610C5"
               BuildableName = "Comanda-Watch.app"
               BlueprintName = "Comanda-Watch"
               ReferencedContainer = "container:control.xcodeproj">
            </BuildableReference>
         </BuildActionEntry>
         <BuildActionEntry
            buildForTesting = "YES"
            buildForRunning = "YES"
            buildForProfiling = "YES"
            buildForArchiving = "YES"
            buildForAnalyzing = "YES">
            <BuildableReference
               BuildableIdentifier = "primary"
               BlueprintIdentifier = "37E08BDA1C63BBD500369E84"
               BuildableName = "Comanda.app"
               BlueprintName = "Comanda"
               ReferencedContainer = "container:control.xcodeproj">
            </BuildableReference>
         </BuildActionEntry>
         <BuildActionEntry
            buildForTesting = "YES"
            buildForRunning = "YES"
            buildForProfiling = "YES"
            buildForArchiving = "YES"
            buildForAnalyzing = "YES">
            <BuildableReference
               BuildableIdentifier = "primary"
               BlueprintIdentifier = "4B004C2F1C9C4B4C002610C5"
               BuildableName = "Comanda-Watch Extension.appex"
               BlueprintName = "Comanda-Watch Extension"
               ReferencedContainer = "container:control.xcodeproj">
            </BuildableReference>
         </BuildActionEntry>
      </BuildActionEntries>
   </BuildAction>
   <TestAction
      buildConfiguration = "Debug"
      selectedDebuggerIdentifier = "Xcode.DebuggerFoundation.Debugger.LLDB"
      selectedLauncherIdentifier = "Xcode.DebuggerFoundation.Launcher.LLDB"
      shouldUseLaunchSchemeArgsEnv = "YES">
      <Testables>
         <TestableReference
            skipped = "NO">
            <BuildableReference
               BuildableIdentifier = "primary"
               BlueprintIdentifier = "3742F7881CAEC684004F93F5"
               BuildableName = "ComandaUITests.xctest"
               BlueprintName = "ComandaUITests"
               ReferencedContainer = "container:control.xcodeproj">
            </BuildableReference>
         </TestableReference>
         <TestableReference
            skipped = "NO">
            <BuildableReference
               BuildableIdentifier = "primary"
               BlueprintIdentifier = "3742F7961CAEC6A8004F93F5"
               BuildableName = "ComandaTests.xctest"
               BlueprintName = "ComandaTests"
               ReferencedContainer = "container:control.xcodeproj">
            </BuildableReference>
         </TestableReference>
      </Testables>
      <MacroExpansion>
         <BuildableReference
            BuildableIdentifier = "primary"
            BlueprintIdentifier = "4B004C231C9C4B4C002610C5"
            BuildableName = "Comanda-Watch.app"
            BlueprintName = "Comanda-Watch"
            ReferencedContainer = "container:control.xcodeproj">
         </BuildableReference>
      </MacroExpansion>
      <AdditionalOptions>
      </AdditionalOptions>
   </TestAction>
   <LaunchAction
      buildConfiguration = "Debug"
      selectedDebuggerIdentifier = "Xcode.DebuggerFoundation.Debugger.LLDB"
      selectedLauncherIdentifier = "Xcode.DebuggerFoundation.Launcher.LLDB"
      launchStyle = "0"
      useCustomWorkingDirectory = "NO"
      ignoresPersistentStateOnLaunch = "NO"
      debugDocumentVersioning = "YES"
      debugServiceExtension = "internal"
      allowLocationSimulation = "YES">
      <RemoteRunnable
         runnableDebuggingMode = "2"
         BundleIdentifier = "com.apple.carousel"
         RemotePath = "/control">
         <BuildableReference
            BuildableIdentifier = "primary"
            BlueprintIdentifier = "4B004C231C9C4B4C002610C5"
            BuildableName = "Comanda-Watch.app"
            BlueprintName = "Comanda-Watch"
            ReferencedContainer = "container:control.xcodeproj">
         </BuildableReference>
      </RemoteRunnable>
      <MacroExpansion>
         <BuildableReference
            BuildableIdentifier = "primary"
            BlueprintIdentifier = "4B004C231C9C4B4C002610C5"
            BuildableName = "Comanda-Watch.app"
            BlueprintName = "Comanda-Watch"
            ReferencedContainer = "container:control.xcodeproj">
         </BuildableReference>
      </MacroExpansion>
      <AdditionalOptions>
      </AdditionalOptions>
   </LaunchAction>
   <ProfileAction
      buildConfiguration = "Release"
      shouldUseLaunchSchemeArgsEnv = "YES"
      savedToolIdentifier = ""
      useCustomWorkingDirectory = "NO"
      debugDocumentVersioning = "YES">
      <RemoteRunnable
         runnableDebuggingMode = "2"
         BundleIdentifier = "com.apple.carousel"
         RemotePath = "/control">
         <BuildableReference
            BuildableIdentifier = "primary"
            BlueprintIdentifier = "4B004C231C9C4B4C002610C5"
            BuildableName = "Comanda-Watch.app"
            BlueprintName = "Comanda-Watch"
            ReferencedContainer = "container:control.xcodeproj">
         </BuildableReference>
      </RemoteRunnable>
      <MacroExpansion>
         <BuildableReference
            BuildableIdentifier = "primary"
            BlueprintIdentifier = "4B004C231C9C4B4C002610C5"
            BuildableName = "Comanda-Watch.app"
            BlueprintName = "Comanda-Watch"
            ReferencedContainer = "container:control.xcodeproj">
         </BuildableReference>
      </MacroExpansion>
   </ProfileAction>
   <AnalyzeAction
      buildConfiguration = "Debug">
   </AnalyzeAction>
   <ArchiveAction
      buildConfiguration = "Release"
      revealArchiveInOrganizer = "YES">
   </ArchiveAction>
</Scheme>
