// !$*UTF8*$!
{
	archiveVersion = 1;
	classes = {
	};
	objectVersion = 46;
	objects = {

/* Begin PBXBuildFile section */
		3733F9D61C70DE2600E03CE6 /* PrecoFixoDetalhesTableViewCell.swift in Sources */ = {isa = PBXBuildFile; fileRef = 3733F9D51C70DE2600E03CE6 /* PrecoFixoDetalhesTableViewCell.swift */; };
		3742F78C1CAEC684004F93F5 /* ComandaUITests.swift in Sources */ = {isa = PBXBuildFile; fileRef = 3742F78B1CAEC684004F93F5 /* ComandaUITests.swift */; };
		3742F79A1CAEC6A8004F93F5 /* ComandaTests.swift in Sources */ = {isa = PBXBuildFile; fileRef = 3742F7991CAEC6A8004F93F5 /* ComandaTests.swift */; };
		3742F7A21CAEC804004F93F5 /* SnapshotHelper.swift in Sources */ = {isa = PBXBuildFile; fileRef = 3742F7A11CAEC804004F93F5 /* SnapshotHelper.swift */; };
		3747EB3A1D11996B00A65748 /* InicialViewController.swift in Sources */ = {isa = PBXBuildFile; fileRef = 3747EB391D11996B00A65748 /* InicialViewController.swift */; };
		375874731C95D22A0055C166 /* ModeloMetodos.swift in Sources */ = {isa = PBXBuildFile; fileRef = 375874721C95D22A0055C166 /* ModeloMetodos.swift */; };
		375874751C9725DD0055C166 /* PrecoFixoTableViewController.swift in Sources */ = {isa = PBXBuildFile; fileRef = 375874741C9725DD0055C166 /* PrecoFixoTableViewController.swift */; };
		377361721C9782D9007236BF /* ListaDeGastosTableViewCell.swift in Sources */ = {isa = PBXBuildFile; fileRef = 377361711C9782D9007236BF /* ListaDeGastosTableViewCell.swift */; };
		377361741C9782FA007236BF /* ListaDeGastosTableViewController.swift in Sources */ = {isa = PBXBuildFile; fileRef = 377361731C9782FA007236BF /* ListaDeGastosTableViewController.swift */; };
		377361771C9B15E6007236BF /* Produtos+CoreDataProperties.swift in Sources */ = {isa = PBXBuildFile; fileRef = 377361751C9B15E6007236BF /* Produtos+CoreDataProperties.swift */; };
		377361781C9B15E6007236BF /* Produtos.swift in Sources */ = {isa = PBXBuildFile; fileRef = 377361761C9B15E6007236BF /* Produtos.swift */; };
		37B288421CA1D86000832002 /* PrecoLimitadoInterfaceController.swift in Sources */ = {isa = PBXBuildFile; fileRef = 37B288411CA1D86000832002 /* PrecoLimitadoInterfaceController.swift */; };
		37C369AC1CA322270056B41B /* NomearListaInterfaceController.swift in Sources */ = {isa = PBXBuildFile; fileRef = 37C369AB1CA322270056B41B /* NomearListaInterfaceController.swift */; };
		37CB44771C93AE5400316803 /* PrecoIlimitadoViewController.swift in Sources */ = {isa = PBXBuildFile; fileRef = 37CB44761C93AE5400316803 /* PrecoIlimitadoViewController.swift */; };
		37CB44791C93AE9200316803 /* PrecoIlimitadoTableViewCell.swift in Sources */ = {isa = PBXBuildFile; fileRef = 37CB44781C93AE9200316803 /* PrecoIlimitadoTableViewCell.swift */; };
		37E08BDF1C63BBD500369E84 /* AppDelegate.swift in Sources */ = {isa = PBXBuildFile; fileRef = 37E08BDE1C63BBD500369E84 /* AppDelegate.swift */; };
		37E08BE41C63BBD500369E84 /* Main.storyboard in Resources */ = {isa = PBXBuildFile; fileRef = 37E08BE21C63BBD500369E84 /* Main.storyboard */; };
		37E08BE61C63BBD500369E84 /* Assets.xcassets in Resources */ = {isa = PBXBuildFile; fileRef = 37E08BE51C63BBD500369E84 /* Assets.xcassets */; };
		37E08BE91C63BBD500369E84 /* LaunchScreen.storyboard in Resources */ = {isa = PBXBuildFile; fileRef = 37E08BE71C63BBD500369E84 /* LaunchScreen.storyboard */; };
		37EFA3AA1CC6CC3F00C2F2BF /* ConfiguracaoTableViewController.swift in Sources */ = {isa = PBXBuildFile; fileRef = 37EFA3A91CC6CC3F00C2F2BF /* ConfiguracaoTableViewController.swift */; };
		4B004C281C9C4B4C002610C5 /* Interface.storyboard in Resources */ = {isa = PBXBuildFile; fileRef = 4B004C261C9C4B4C002610C5 /* Interface.storyboard */; };
		4B004C2A1C9C4B4C002610C5 /* Assets.xcassets in Resources */ = {isa = PBXBuildFile; fileRef = 4B004C291C9C4B4C002610C5 /* Assets.xcassets */; };
		4B004C311C9C4B4C002610C5 /* Comanda-Watch Extension.appex in Embed App Extensions */ = {isa = PBXBuildFile; fileRef = 4B004C301C9C4B4C002610C5 /* Comanda-Watch Extension.appex */; settings = {ATTRIBUTES = (RemoveHeadersOnCopy, ); }; };
		4B004C381C9C4B4C002610C5 /* InicialController.swift in Sources */ = {isa = PBXBuildFile; fileRef = 4B004C371C9C4B4C002610C5 /* InicialController.swift */; };
		4B004C3A1C9C4B4C002610C5 /* ExtensionDelegate.swift in Sources */ = {isa = PBXBuildFile; fileRef = 4B004C391C9C4B4C002610C5 /* ExtensionDelegate.swift */; };
		4B004C421C9C4B4C002610C5 /* Assets.xcassets in Resources */ = {isa = PBXBuildFile; fileRef = 4B004C411C9C4B4C002610C5 /* Assets.xcassets */; };
		4B004C461C9C4B4C002610C5 /* Comanda-Watch.app in Embed Watch Content */ = {isa = PBXBuildFile; fileRef = 4B004C241C9C4B4C002610C5 /* Comanda-Watch.app */; };
		4B004C501C9C7911002610C5 /* DefinirLimiteController.swift in Sources */ = {isa = PBXBuildFile; fileRef = 4B004C4F1C9C7911002610C5 /* DefinirLimiteController.swift */; };
		4B004C521C9C91EB002610C5 /* NumberPadController.swift in Sources */ = {isa = PBXBuildFile; fileRef = 4B004C511C9C91EB002610C5 /* NumberPadController.swift */; };
		4B004C541C9C9988002610C5 /* PrecoIlimitadoController.swift in Sources */ = {isa = PBXBuildFile; fileRef = 4B004C531C9C9988002610C5 /* PrecoIlimitadoController.swift */; };
		4B3F613E1C989423008BB972 /* control.xcdatamodeld in Sources */ = {isa = PBXBuildFile; fileRef = 4B3F613C1C989423008BB972 /* control.xcdatamodeld */; };
		4B3F61451C98950D008BB972 /* Lista+CoreDataProperties.swift in Sources */ = {isa = PBXBuildFile; fileRef = 4B3F61411C98950D008BB972 /* Lista+CoreDataProperties.swift */; };
		4B3F61461C98950D008BB972 /* Lista.swift in Sources */ = {isa = PBXBuildFile; fileRef = 4B3F61421C98950D008BB972 /* Lista.swift */; };
		4B3F61491C989A59008BB972 /* ListaManager.swift in Sources */ = {isa = PBXBuildFile; fileRef = 4B3F61481C989A59008BB972 /* ListaManager.swift */; };
		4B3F614B1C989A6D008BB972 /* ProdutoManager.swift in Sources */ = {isa = PBXBuildFile; fileRef = 4B3F614A1C989A6D008BB972 /* ProdutoManager.swift */; };
		4B3F614D1C9B3AA4008BB972 /* DetalheListaTableViewCell.swift in Sources */ = {isa = PBXBuildFile; fileRef = 4B3F614C1C9B3AA4008BB972 /* DetalheListaTableViewCell.swift */; };
		4B3F614F1C9B3B3C008BB972 /* DetalhesListaViewController.swift in Sources */ = {isa = PBXBuildFile; fileRef = 4B3F614E1C9B3B3C008BB972 /* DetalhesListaViewController.swift */; };
/* End PBXBuildFile section */

/* Begin PBXContainerItemProxy section */
		3742F78E1CAEC684004F93F5 /* PBXContainerItemProxy */ = {
			isa = PBXContainerItemProxy;
			containerPortal = 37E08BD31C63BBD500369E84 /* Project object */;
			proxyType = 1;
			remoteGlobalIDString = 37E08BDA1C63BBD500369E84;
			remoteInfo = Comanda;
		};
		3742F79C1CAEC6A8004F93F5 /* PBXContainerItemProxy */ = {
			isa = PBXContainerItemProxy;
			containerPortal = 37E08BD31C63BBD500369E84 /* Project object */;
			proxyType = 1;
			remoteGlobalIDString = 37E08BDA1C63BBD500369E84;
			remoteInfo = Comanda;
		};
		4B004C321C9C4B4C002610C5 /* PBXContainerItemProxy */ = {
			isa = PBXContainerItemProxy;
			containerPortal = 37E08BD31C63BBD500369E84 /* Project object */;
			proxyType = 1;
			remoteGlobalIDString = 4B004C2F1C9C4B4C002610C5;
			remoteInfo = "Control-Watch Extension";
		};
		4B004C441C9C4B4C002610C5 /* PBXContainerItemProxy */ = {
			isa = PBXContainerItemProxy;
			containerPortal = 37E08BD31C63BBD500369E84 /* Project object */;
			proxyType = 1;
			remoteGlobalIDString = 4B004C231C9C4B4C002610C5;
			remoteInfo = "Control-Watch";
		};
/* End PBXContainerItemProxy section */

/* Begin PBXCopyFilesBuildPhase section */
		4B004C4C1C9C4B4C002610C5 /* Embed App Extensions */ = {
			isa = PBXCopyFilesBuildPhase;
			buildActionMask = 2147483647;
			dstPath = "";
			dstSubfolderSpec = 13;
			files = (
				4B004C311C9C4B4C002610C5 /* Comanda-Watch Extension.appex in Embed App Extensions */,
			);
			name = "Embed App Extensions";
			runOnlyForDeploymentPostprocessing = 0;
		};
		4B004C4E1C9C4B4C002610C5 /* Embed Watch Content */ = {
			isa = PBXCopyFilesBuildPhase;
			buildActionMask = 2147483647;
			dstPath = "$(CONTENTS_FOLDER_PATH)/Watch";
			dstSubfolderSpec = 16;
			files = (
				4B004C461C9C4B4C002610C5 /* Comanda-Watch.app in Embed Watch Content */,
			);
			name = "Embed Watch Content";
			runOnlyForDeploymentPostprocessing = 0;
		};
/* End PBXCopyFilesBuildPhase section */

/* Begin PBXFileReference section */
		3733F9D51C70DE2600E03CE6 /* PrecoFixoDetalhesTableViewCell.swift */ = {isa = PBXFileReference; fileEncoding = 4; lastKnownFileType = sourcecode.swift; path = PrecoFixoDetalhesTableViewCell.swift; sourceTree = "<group>"; };
		3742F7891CAEC684004F93F5 /* ComandaUITests.xctest */ = {isa = PBXFileReference; explicitFileType = wrapper.cfbundle; includeInIndex = 0; path = ComandaUITests.xctest; sourceTree = BUILT_PRODUCTS_DIR; };
		3742F78B1CAEC684004F93F5 /* ComandaUITests.swift */ = {isa = PBXFileReference; lastKnownFileType = sourcecode.swift; path = ComandaUITests.swift; sourceTree = "<group>"; };
		3742F78D1CAEC684004F93F5 /* Info.plist */ = {isa = PBXFileReference; lastKnownFileType = text.plist.xml; path = Info.plist; sourceTree = "<group>"; };
		3742F7971CAEC6A8004F93F5 /* ComandaTests.xctest */ = {isa = PBXFileReference; explicitFileType = wrapper.cfbundle; includeInIndex = 0; path = ComandaTests.xctest; sourceTree = BUILT_PRODUCTS_DIR; };
		3742F7991CAEC6A8004F93F5 /* ComandaTests.swift */ = {isa = PBXFileReference; lastKnownFileType = sourcecode.swift; path = ComandaTests.swift; sourceTree = "<group>"; };
		3742F79B1CAEC6A8004F93F5 /* Info.plist */ = {isa = PBXFileReference; lastKnownFileType = text.plist.xml; path = Info.plist; sourceTree = "<group>"; };
		3742F7A11CAEC804004F93F5 /* SnapshotHelper.swift */ = {isa = PBXFileReference; fileEncoding = 4; lastKnownFileType = sourcecode.swift; path = SnapshotHelper.swift; sourceTree = "<group>"; };
		3747EB391D11996B00A65748 /* InicialViewController.swift */ = {isa = PBXFileReference; fileEncoding = 4; lastKnownFileType = sourcecode.swift; path = InicialViewController.swift; sourceTree = "<group>"; };
		375874721C95D22A0055C166 /* ModeloMetodos.swift */ = {isa = PBXFileReference; fileEncoding = 4; lastKnownFileType = sourcecode.swift; path = ModeloMetodos.swift; sourceTree = "<group>"; };
		375874741C9725DD0055C166 /* PrecoFixoTableViewController.swift */ = {isa = PBXFileReference; fileEncoding = 4; lastKnownFileType = sourcecode.swift; path = PrecoFixoTableViewController.swift; sourceTree = "<group>"; };
		377361711C9782D9007236BF /* ListaDeGastosTableViewCell.swift */ = {isa = PBXFileReference; fileEncoding = 4; lastKnownFileType = sourcecode.swift; path = ListaDeGastosTableViewCell.swift; sourceTree = "<group>"; };
		377361731C9782FA007236BF /* ListaDeGastosTableViewController.swift */ = {isa = PBXFileReference; fileEncoding = 4; lastKnownFileType = sourcecode.swift; path = ListaDeGastosTableViewController.swift; sourceTree = "<group>"; };
		377361751C9B15E6007236BF /* Produtos+CoreDataProperties.swift */ = {isa = PBXFileReference; fileEncoding = 4; lastKnownFileType = sourcecode.swift; path = "Produtos+CoreDataProperties.swift"; sourceTree = "<group>"; };
		377361761C9B15E6007236BF /* Produtos.swift */ = {isa = PBXFileReference; fileEncoding = 4; lastKnownFileType = sourcecode.swift; path = Produtos.swift; sourceTree = "<group>"; };
		37B288411CA1D86000832002 /* PrecoLimitadoInterfaceController.swift */ = {isa = PBXFileReference; fileEncoding = 4; lastKnownFileType = sourcecode.swift; path = PrecoLimitadoInterfaceController.swift; sourceTree = "<group>"; };
		37C369AB1CA322270056B41B /* NomearListaInterfaceController.swift */ = {isa = PBXFileReference; fileEncoding = 4; lastKnownFileType = sourcecode.swift; path = NomearListaInterfaceController.swift; sourceTree = "<group>"; };
		37CB44761C93AE5400316803 /* PrecoIlimitadoViewController.swift */ = {isa = PBXFileReference; fileEncoding = 4; lastKnownFileType = sourcecode.swift; path = PrecoIlimitadoViewController.swift; sourceTree = "<group>"; };
		37CB44781C93AE9200316803 /* PrecoIlimitadoTableViewCell.swift */ = {isa = PBXFileReference; fileEncoding = 4; lastKnownFileType = sourcecode.swift; path = PrecoIlimitadoTableViewCell.swift; sourceTree = "<group>"; };
		37D2FD051CAEB9560033C7B8 /* pt-BR */ = {isa = PBXFileReference; lastKnownFileType = text.plist.strings; name = "pt-BR"; path = "pt-BR.lproj/Main.strings"; sourceTree = "<group>"; };
		37D2FD061CAEB9560033C7B8 /* pt-BR */ = {isa = PBXFileReference; lastKnownFileType = text.plist.strings; name = "pt-BR"; path = "pt-BR.lproj/LaunchScreen.strings"; sourceTree = "<group>"; };
		37D2FD071CAEB9560033C7B8 /* pt-BR */ = {isa = PBXFileReference; lastKnownFileType = text.plist.strings; name = "pt-BR"; path = "pt-BR.lproj/Interface.strings"; sourceTree = "<group>"; };
		37E08BDB1C63BBD500369E84 /* Comanda.app */ = {isa = PBXFileReference; explicitFileType = wrapper.application; includeInIndex = 0; path = Comanda.app; sourceTree = BUILT_PRODUCTS_DIR; };
		37E08BDE1C63BBD500369E84 /* AppDelegate.swift */ = {isa = PBXFileReference; lastKnownFileType = sourcecode.swift; path = AppDelegate.swift; sourceTree = "<group>"; };
		37E08BE31C63BBD500369E84 /* Base */ = {isa = PBXFileReference; lastKnownFileType = file.storyboard; name = Base; path = Base.lproj/Main.storyboard; sourceTree = "<group>"; };
		37E08BE51C63BBD500369E84 /* Assets.xcassets */ = {isa = PBXFileReference; lastKnownFileType = folder.assetcatalog; path = Assets.xcassets; sourceTree = "<group>"; };
		37E08BE81C63BBD500369E84 /* Base */ = {isa = PBXFileReference; lastKnownFileType = file.storyboard; name = Base; path = Base.lproj/LaunchScreen.storyboard; sourceTree = "<group>"; };
		37E08BEA1C63BBD500369E84 /* Info.plist */ = {isa = PBXFileReference; lastKnownFileType = text.plist.xml; path = Info.plist; sourceTree = "<group>"; };
		37EFA3A91CC6CC3F00C2F2BF /* ConfiguracaoTableViewController.swift */ = {isa = PBXFileReference; fileEncoding = 4; lastKnownFileType = sourcecode.swift; path = ConfiguracaoTableViewController.swift; sourceTree = "<group>"; };
		4B004C241C9C4B4C002610C5 /* Comanda-Watch.app */ = {isa = PBXFileReference; explicitFileType = wrapper.application; includeInIndex = 0; path = "Comanda-Watch.app"; sourceTree = BUILT_PRODUCTS_DIR; };
		4B004C271C9C4B4C002610C5 /* Base */ = {isa = PBXFileReference; lastKnownFileType = file.storyboard; name = Base; path = Base.lproj/Interface.storyboard; sourceTree = "<group>"; };
		4B004C291C9C4B4C002610C5 /* Assets.xcassets */ = {isa = PBXFileReference; lastKnownFileType = folder.assetcatalog; path = Assets.xcassets; sourceTree = "<group>"; };
		4B004C2B1C9C4B4C002610C5 /* Info.plist */ = {isa = PBXFileReference; lastKnownFileType = text.plist.xml; path = Info.plist; sourceTree = "<group>"; };
		4B004C301C9C4B4C002610C5 /* Comanda-Watch Extension.appex */ = {isa = PBXFileReference; explicitFileType = "wrapper.app-extension"; includeInIndex = 0; path = "Comanda-Watch Extension.appex"; sourceTree = BUILT_PRODUCTS_DIR; };
		4B004C361C9C4B4C002610C5 /* PushNotificationPayload.apns */ = {isa = PBXFileReference; lastKnownFileType = text; path = PushNotificationPayload.apns; sourceTree = "<group>"; };
		4B004C371C9C4B4C002610C5 /* InicialController.swift */ = {isa = PBXFileReference; lastKnownFileType = sourcecode.swift; path = InicialController.swift; sourceTree = "<group>"; };
		4B004C391C9C4B4C002610C5 /* ExtensionDelegate.swift */ = {isa = PBXFileReference; lastKnownFileType = sourcecode.swift; path = ExtensionDelegate.swift; sourceTree = "<group>"; };
		4B004C411C9C4B4C002610C5 /* Assets.xcassets */ = {isa = PBXFileReference; lastKnownFileType = folder.assetcatalog; path = Assets.xcassets; sourceTree = "<group>"; };
		4B004C431C9C4B4C002610C5 /* Info.plist */ = {isa = PBXFileReference; lastKnownFileType = text.plist.xml; path = Info.plist; sourceTree = "<group>"; };
		4B004C4F1C9C7911002610C5 /* DefinirLimiteController.swift */ = {isa = PBXFileReference; fileEncoding = 4; lastKnownFileType = sourcecode.swift; path = DefinirLimiteController.swift; sourceTree = "<group>"; };
		4B004C511C9C91EB002610C5 /* NumberPadController.swift */ = {isa = PBXFileReference; fileEncoding = 4; lastKnownFileType = sourcecode.swift; path = NumberPadController.swift; sourceTree = "<group>"; };
		4B004C531C9C9988002610C5 /* PrecoIlimitadoController.swift */ = {isa = PBXFileReference; fileEncoding = 4; lastKnownFileType = sourcecode.swift; path = PrecoIlimitadoController.swift; sourceTree = "<group>"; };
		4B3F613D1C989423008BB972 /* control.xcdatamodel */ = {isa = PBXFileReference; lastKnownFileType = wrapper.xcdatamodel; path = control.xcdatamodel; sourceTree = "<group>"; };
		4B3F61411C98950D008BB972 /* Lista+CoreDataProperties.swift */ = {isa = PBXFileReference; fileEncoding = 4; lastKnownFileType = sourcecode.swift; path = "Lista+CoreDataProperties.swift"; sourceTree = "<group>"; };
		4B3F61421C98950D008BB972 /* Lista.swift */ = {isa = PBXFileReference; fileEncoding = 4; lastKnownFileType = sourcecode.swift; path = Lista.swift; sourceTree = "<group>"; };
		4B3F61481C989A59008BB972 /* ListaManager.swift */ = {isa = PBXFileReference; fileEncoding = 4; lastKnownFileType = sourcecode.swift; path = ListaManager.swift; sourceTree = "<group>"; };
		4B3F614A1C989A6D008BB972 /* ProdutoManager.swift */ = {isa = PBXFileReference; fileEncoding = 4; lastKnownFileType = sourcecode.swift; path = ProdutoManager.swift; sourceTree = "<group>"; };
		4B3F614C1C9B3AA4008BB972 /* DetalheListaTableViewCell.swift */ = {isa = PBXFileReference; fileEncoding = 4; lastKnownFileType = sourcecode.swift; path = DetalheListaTableViewCell.swift; sourceTree = "<group>"; };
		4B3F614E1C9B3B3C008BB972 /* DetalhesListaViewController.swift */ = {isa = PBXFileReference; fileEncoding = 4; lastKnownFileType = sourcecode.swift; path = DetalhesListaViewController.swift; sourceTree = "<group>"; };
		4B6333901D399226002D993F /* en */ = {isa = PBXFileReference; lastKnownFileType = text.plist.strings; name = en; path = en.lproj/Main.strings; sourceTree = "<group>"; };
		4B6333911D399226002D993F /* en */ = {isa = PBXFileReference; lastKnownFileType = text.plist.strings; name = en; path = en.lproj/LaunchScreen.strings; sourceTree = "<group>"; };
		4B6333921D399226002D993F /* en */ = {isa = PBXFileReference; lastKnownFileType = text.plist.strings; name = en; path = en.lproj/Interface.strings; sourceTree = "<group>"; };
/* End PBXFileReference section */

/* Begin PBXFrameworksBuildPhase section */
		3742F7861CAEC684004F93F5 /* Frameworks */ = {
			isa = PBXFrameworksBuildPhase;
			buildActionMask = 2147483647;
			files = (
			);
			runOnlyForDeploymentPostprocessing = 0;
		};
		3742F7941CAEC6A8004F93F5 /* Frameworks */ = {
			isa = PBXFrameworksBuildPhase;
			buildActionMask = 2147483647;
			files = (
			);
			runOnlyForDeploymentPostprocessing = 0;
		};
		37E08BD81C63BBD500369E84 /* Frameworks */ = {
			isa = PBXFrameworksBuildPhase;
			buildActionMask = 2147483647;
			files = (
			);
			runOnlyForDeploymentPostprocessing = 0;
		};
		4B004C2D1C9C4B4C002610C5 /* Frameworks */ = {
			isa = PBXFrameworksBuildPhase;
			buildActionMask = 2147483647;
			files = (
			);
			runOnlyForDeploymentPostprocessing = 0;
		};
/* End PBXFrameworksBuildPhase section */

/* Begin PBXGroup section */
		3733F9D41C70DE0200E03CE6 /* celulas */ = {
			isa = PBXGroup;
			children = (
				3733F9D51C70DE2600E03CE6 /* PrecoFixoDetalhesTableViewCell.swift */,
				37CB44781C93AE9200316803 /* PrecoIlimitadoTableViewCell.swift */,
				377361711C9782D9007236BF /* ListaDeGastosTableViewCell.swift */,
				4B3F614C1C9B3AA4008BB972 /* DetalheListaTableViewCell.swift */,
			);
			name = celulas;
			sourceTree = "<group>";
		};
		3742F78A1CAEC684004F93F5 /* ComandaUITests */ = {
			isa = PBXGroup;
			children = (
				3742F7A11CAEC804004F93F5 /* SnapshotHelper.swift */,
				3742F78B1CAEC684004F93F5 /* ComandaUITests.swift */,
				3742F78D1CAEC684004F93F5 /* Info.plist */,
			);
			path = ComandaUITests;
			sourceTree = "<group>";
		};
		3742F7981CAEC6A8004F93F5 /* ComandaTests */ = {
			isa = PBXGroup;
			children = (
				3742F7991CAEC6A8004F93F5 /* ComandaTests.swift */,
				3742F79B1CAEC6A8004F93F5 /* Info.plist */,
			);
			path = ComandaTests;
			sourceTree = "<group>";
		};
		37C369AD1CA322320056B41B /* interfaces */ = {
			isa = PBXGroup;
			children = (
				4B004C511C9C91EB002610C5 /* NumberPadController.swift */,
				37C369AB1CA322270056B41B /* NomearListaInterfaceController.swift */,
			);
			name = interfaces;
			sourceTree = "<group>";
		};
		37E08BD21C63BBD500369E84 = {
			isa = PBXGroup;
			children = (
				37E08BDD1C63BBD500369E84 /* control */,
				4B004C251C9C4B4C002610C5 /* Control-Watch */,
				4B004C341C9C4B4C002610C5 /* Control-Watch Extension */,
				3742F78A1CAEC684004F93F5 /* ComandaUITests */,
				3742F7981CAEC6A8004F93F5 /* ComandaTests */,
				37E08BDC1C63BBD500369E84 /* Products */,
			);
			sourceTree = "<group>";
		};
		37E08BDC1C63BBD500369E84 /* Products */ = {
			isa = PBXGroup;
			children = (
				37E08BDB1C63BBD500369E84 /* Comanda.app */,
				4B004C241C9C4B4C002610C5 /* Comanda-Watch.app */,
				4B004C301C9C4B4C002610C5 /* Comanda-Watch Extension.appex */,
				3742F7891CAEC684004F93F5 /* ComandaUITests.xctest */,
				3742F7971CAEC6A8004F93F5 /* ComandaTests.xctest */,
			);
			name = Products;
			sourceTree = "<group>";
		};
		37E08BDD1C63BBD500369E84 /* control */ = {
			isa = PBXGroup;
			children = (
				4B3F61471C98993E008BB972 /* Persistencia */,
				3733F9D41C70DE0200E03CE6 /* celulas */,
				37E08BDE1C63BBD500369E84 /* AppDelegate.swift */,
				3747EB391D11996B00A65748 /* InicialViewController.swift */,
				375874721C95D22A0055C166 /* ModeloMetodos.swift */,
				375874741C9725DD0055C166 /* PrecoFixoTableViewController.swift */,
				37CB44761C93AE5400316803 /* PrecoIlimitadoViewController.swift */,
				377361731C9782FA007236BF /* ListaDeGastosTableViewController.swift */,
				4B3F614E1C9B3B3C008BB972 /* DetalhesListaViewController.swift */,
				37EFA3A91CC6CC3F00C2F2BF /* ConfiguracaoTableViewController.swift */,
				37E08BE21C63BBD500369E84 /* Main.storyboard */,
				37E08BE51C63BBD500369E84 /* Assets.xcassets */,
				37E08BE71C63BBD500369E84 /* LaunchScreen.storyboard */,
				37E08BEA1C63BBD500369E84 /* Info.plist */,
			);
			path = control;
			sourceTree = "<group>";
		};
		4B004C251C9C4B4C002610C5 /* Control-Watch */ = {
			isa = PBXGroup;
			children = (
				4B004C261C9C4B4C002610C5 /* Interface.storyboard */,
				4B004C291C9C4B4C002610C5 /* Assets.xcassets */,
				4B004C2B1C9C4B4C002610C5 /* Info.plist */,
			);
			path = "Control-Watch";
			sourceTree = "<group>";
		};
		4B004C341C9C4B4C002610C5 /* Control-Watch Extension */ = {
			isa = PBXGroup;
			children = (
				37C369AD1CA322320056B41B /* interfaces */,
				4B004C371C9C4B4C002610C5 /* InicialController.swift */,
				4B004C4F1C9C7911002610C5 /* DefinirLimiteController.swift */,
				4B004C391C9C4B4C002610C5 /* ExtensionDelegate.swift */,
				4B004C531C9C9988002610C5 /* PrecoIlimitadoController.swift */,
				37B288411CA1D86000832002 /* PrecoLimitadoInterfaceController.swift */,
				4B004C411C9C4B4C002610C5 /* Assets.xcassets */,
				4B004C431C9C4B4C002610C5 /* Info.plist */,
				4B004C351C9C4B4C002610C5 /* Supporting Files */,
			);
			path = "Control-Watch Extension";
			sourceTree = "<group>";
		};
		4B004C351C9C4B4C002610C5 /* Supporting Files */ = {
			isa = PBXGroup;
			children = (
				4B004C361C9C4B4C002610C5 /* PushNotificationPayload.apns */,
			);
			name = "Supporting Files";
			sourceTree = "<group>";
		};
		4B3F61471C98993E008BB972 /* Persistencia */ = {
			isa = PBXGroup;
			children = (
				4B3F613C1C989423008BB972 /* control.xcdatamodeld */,
				4B3F61411C98950D008BB972 /* Lista+CoreDataProperties.swift */,
				4B3F61421C98950D008BB972 /* Lista.swift */,
				4B3F61481C989A59008BB972 /* ListaManager.swift */,
				4B3F614A1C989A6D008BB972 /* ProdutoManager.swift */,
				377361751C9B15E6007236BF /* Produtos+CoreDataProperties.swift */,
				377361761C9B15E6007236BF /* Produtos.swift */,
			);
			name = Persistencia;
			sourceTree = "<group>";
		};
/* End PBXGroup section */

/* Begin PBXNativeTarget section */
		3742F7881CAEC684004F93F5 /* ComandaUITests */ = {
			isa = PBXNativeTarget;
			buildConfigurationList = 3742F7901CAEC684004F93F5 /* Build configuration list for PBXNativeTarget "ComandaUITests" */;
			buildPhases = (
				3742F7851CAEC684004F93F5 /* Sources */,
				3742F7861CAEC684004F93F5 /* Frameworks */,
				3742F7871CAEC684004F93F5 /* Resources */,
			);
			buildRules = (
			);
			dependencies = (
				3742F78F1CAEC684004F93F5 /* PBXTargetDependency */,
			);
			name = ComandaUITests;
			productName = ComandaUITests;
			productReference = 3742F7891CAEC684004F93F5 /* ComandaUITests.xctest */;
			productType = "com.apple.product-type.bundle.ui-testing";
		};
		3742F7961CAEC6A8004F93F5 /* ComandaTests */ = {
			isa = PBXNativeTarget;
			buildConfigurationList = 3742F79E1CAEC6A8004F93F5 /* Build configuration list for PBXNativeTarget "ComandaTests" */;
			buildPhases = (
				3742F7931CAEC6A8004F93F5 /* Sources */,
				3742F7941CAEC6A8004F93F5 /* Frameworks */,
				3742F7951CAEC6A8004F93F5 /* Resources */,
			);
			buildRules = (
			);
			dependencies = (
				3742F79D1CAEC6A8004F93F5 /* PBXTargetDependency */,
			);
			name = ComandaTests;
			productName = ComandaTests;
			productReference = 3742F7971CAEC6A8004F93F5 /* ComandaTests.xctest */;
			productType = "com.apple.product-type.bundle.unit-test";
		};
		37E08BDA1C63BBD500369E84 /* Comanda */ = {
			isa = PBXNativeTarget;
			buildConfigurationList = 37E08C031C63BBD500369E84 /* Build configuration list for PBXNativeTarget "Comanda" */;
			buildPhases = (
				37E08BD71C63BBD500369E84 /* Sources */,
				37E08BD81C63BBD500369E84 /* Frameworks */,
				37E08BD91C63BBD500369E84 /* Resources */,
				4B004C4E1C9C4B4C002610C5 /* Embed Watch Content */,
			);
			buildRules = (
			);
			dependencies = (
				4B004C451C9C4B4C002610C5 /* PBXTargetDependency */,
			);
			name = Comanda;
			productName = control;
			productReference = 37E08BDB1C63BBD500369E84 /* Comanda.app */;
			productType = "com.apple.product-type.application";
		};
		4B004C231C9C4B4C002610C5 /* Comanda-Watch */ = {
			isa = PBXNativeTarget;
			buildConfigurationList = 4B004C4D1C9C4B4C002610C5 /* Build configuration list for PBXNativeTarget "Comanda-Watch" */;
			buildPhases = (
				4B004C221C9C4B4C002610C5 /* Resources */,
				4B004C4C1C9C4B4C002610C5 /* Embed App Extensions */,
			);
			buildRules = (
			);
			dependencies = (
				4B004C331C9C4B4C002610C5 /* PBXTargetDependency */,
			);
			name = "Comanda-Watch";
			productName = "Control-Watch";
			productReference = 4B004C241C9C4B4C002610C5 /* Comanda-Watch.app */;
			productType = "com.apple.product-type.application.watchapp2";
		};
		4B004C2F1C9C4B4C002610C5 /* Comanda-Watch Extension */ = {
			isa = PBXNativeTarget;
			buildConfigurationList = 4B004C4B1C9C4B4C002610C5 /* Build configuration list for PBXNativeTarget "Comanda-Watch Extension" */;
			buildPhases = (
				4B004C2C1C9C4B4C002610C5 /* Sources */,
				4B004C2D1C9C4B4C002610C5 /* Frameworks */,
				4B004C2E1C9C4B4C002610C5 /* Resources */,
			);
			buildRules = (
			);
			dependencies = (
			);
			name = "Comanda-Watch Extension";
			productName = "Control-Watch Extension";
			productReference = 4B004C301C9C4B4C002610C5 /* Comanda-Watch Extension.appex */;
			productType = "com.apple.product-type.watchkit2-extension";
		};
/* End PBXNativeTarget section */

/* Begin PBXProject section */
		37E08BD31C63BBD500369E84 /* Project object */ = {
			isa = PBXProject;
			attributes = {
				LastSwiftUpdateCheck = 0730;
				LastUpgradeCheck = 0720;
				ORGANIZATIONNAME = "Amanda Campos";
				TargetAttributes = {
					3742F7881CAEC684004F93F5 = {
						CreatedOnToolsVersion = 7.3;
						TestTargetID = 37E08BDA1C63BBD500369E84;
					};
					3742F7961CAEC6A8004F93F5 = {
						CreatedOnToolsVersion = 7.3;
						TestTargetID = 37E08BDA1C63BBD500369E84;
					};
					37E08BDA1C63BBD500369E84 = {
						CreatedOnToolsVersion = 7.2;
						DevelopmentTeam = 55Z8HFH9WB;
						SystemCapabilities = {
							com.apple.BackgroundModes = {
								enabled = 1;
							};
						};
					};
					4B004C231C9C4B4C002610C5 = {
						CreatedOnToolsVersion = 7.2.1;
						DevelopmentTeam = 55Z8HFH9WB;
					};
					4B004C2F1C9C4B4C002610C5 = {
						CreatedOnToolsVersion = 7.2.1;
						DevelopmentTeam = 55Z8HFH9WB;
					};
				};
			};
			buildConfigurationList = 37E08BD61C63BBD500369E84 /* Build configuration list for PBXProject "control" */;
			compatibilityVersion = "Xcode 3.2";
			developmentRegion = English;
			hasScannedForEncodings = 0;
			knownRegions = (
				Base,
			);
			mainGroup = 37E08BD21C63BBD500369E84;
			productRefGroup = 37E08BDC1C63BBD500369E84 /* Products */;
			projectDirPath = "";
			projectRoot = "";
			targets = (
				37E08BDA1C63BBD500369E84 /* Comanda */,
				3742F7961CAEC6A8004F93F5 /* ComandaTests */,
				3742F7881CAEC684004F93F5 /* ComandaUITests */,
				4B004C231C9C4B4C002610C5 /* Comanda-Watch */,
				4B004C2F1C9C4B4C002610C5 /* Comanda-Watch Extension */,
			);
		};
/* End PBXProject section */

/* Begin PBXResourcesBuildPhase section */
		3742F7871CAEC684004F93F5 /* Resources */ = {
			isa = PBXResourcesBuildPhase;
			buildActionMask = 2147483647;
			files = (
			);
			runOnlyForDeploymentPostprocessing = 0;
		};
		3742F7951CAEC6A8004F93F5 /* Resources */ = {
			isa = PBXResourcesBuildPhase;
			buildActionMask = 2147483647;
			files = (
			);
			runOnlyForDeploymentPostprocessing = 0;
		};
		37E08BD91C63BBD500369E84 /* Resources */ = {
			isa = PBXResourcesBuildPhase;
			buildActionMask = 2147483647;
			files = (
				37E08BE91C63BBD500369E84 /* LaunchScreen.storyboard in Resources */,
				37E08BE61C63BBD500369E84 /* Assets.xcassets in Resources */,
				37E08BE41C63BBD500369E84 /* Main.storyboard in Resources */,
			);
			runOnlyForDeploymentPostprocessing = 0;
		};
		4B004C221C9C4B4C002610C5 /* Resources */ = {
			isa = PBXResourcesBuildPhase;
			buildActionMask = 2147483647;
			files = (
				4B004C2A1C9C4B4C002610C5 /* Assets.xcassets in Resources */,
				4B004C281C9C4B4C002610C5 /* Interface.storyboard in Resources */,
			);
			runOnlyForDeploymentPostprocessing = 0;
		};
		4B004C2E1C9C4B4C002610C5 /* Resources */ = {
			isa = PBXResourcesBuildPhase;
			buildActionMask = 2147483647;
			files = (
				4B004C421C9C4B4C002610C5 /* Assets.xcassets in Resources */,
			);
			runOnlyForDeploymentPostprocessing = 0;
		};
/* End PBXResourcesBuildPhase section */

/* Begin PBXSourcesBuildPhase section */
		3742F7851CAEC684004F93F5 /* Sources */ = {
			isa = PBXSourcesBuildPhase;
			buildActionMask = 2147483647;
			files = (
				3742F78C1CAEC684004F93F5 /* ComandaUITests.swift in Sources */,
				3742F7A21CAEC804004F93F5 /* SnapshotHelper.swift in Sources */,
			);
			runOnlyForDeploymentPostprocessing = 0;
		};
		3742F7931CAEC6A8004F93F5 /* Sources */ = {
			isa = PBXSourcesBuildPhase;
			buildActionMask = 2147483647;
			files = (
				3742F79A1CAEC6A8004F93F5 /* ComandaTests.swift in Sources */,
			);
			runOnlyForDeploymentPostprocessing = 0;
		};
		37E08BD71C63BBD500369E84 /* Sources */ = {
			isa = PBXSourcesBuildPhase;
			buildActionMask = 2147483647;
			files = (
				4B3F61451C98950D008BB972 /* Lista+CoreDataProperties.swift in Sources */,
				4B3F61461C98950D008BB972 /* Lista.swift in Sources */,
				377361741C9782FA007236BF /* ListaDeGastosTableViewController.swift in Sources */,
				377361721C9782D9007236BF /* ListaDeGastosTableViewCell.swift in Sources */,
				4B3F614F1C9B3B3C008BB972 /* DetalhesListaViewController.swift in Sources */,
				37CB44791C93AE9200316803 /* PrecoIlimitadoTableViewCell.swift in Sources */,
				4B3F614B1C989A6D008BB972 /* ProdutoManager.swift in Sources */,
				4B3F614D1C9B3AA4008BB972 /* DetalheListaTableViewCell.swift in Sources */,
				37E08BDF1C63BBD500369E84 /* AppDelegate.swift in Sources */,
				3747EB3A1D11996B00A65748 /* InicialViewController.swift in Sources */,
				37EFA3AA1CC6CC3F00C2F2BF /* ConfiguracaoTableViewController.swift in Sources */,
				4B3F613E1C989423008BB972 /* control.xcdatamodeld in Sources */,
				377361781C9B15E6007236BF /* Produtos.swift in Sources */,
				37CB44771C93AE5400316803 /* PrecoIlimitadoViewController.swift in Sources */,
				377361771C9B15E6007236BF /* Produtos+CoreDataProperties.swift in Sources */,
				3733F9D61C70DE2600E03CE6 /* PrecoFixoDetalhesTableViewCell.swift in Sources */,
				4B3F61491C989A59008BB972 /* ListaManager.swift in Sources */,
				375874751C9725DD0055C166 /* PrecoFixoTableViewController.swift in Sources */,
				375874731C95D22A0055C166 /* ModeloMetodos.swift in Sources */,
			);
			runOnlyForDeploymentPostprocessing = 0;
		};
		4B004C2C1C9C4B4C002610C5 /* Sources */ = {
			isa = PBXSourcesBuildPhase;
			buildActionMask = 2147483647;
			files = (
				4B004C501C9C7911002610C5 /* DefinirLimiteController.swift in Sources */,
				4B004C3A1C9C4B4C002610C5 /* ExtensionDelegate.swift in Sources */,
				4B004C381C9C4B4C002610C5 /* InicialController.swift in Sources */,
				37B288421CA1D86000832002 /* PrecoLimitadoInterfaceController.swift in Sources */,
				37C369AC1CA322270056B41B /* NomearListaInterfaceController.swift in Sources */,
				4B004C521C9C91EB002610C5 /* NumberPadController.swift in Sources */,
				4B004C541C9C9988002610C5 /* PrecoIlimitadoController.swift in Sources */,
			);
			runOnlyForDeploymentPostprocessing = 0;
		};
/* End PBXSourcesBuildPhase section */

/* Begin PBXTargetDependency section */
		3742F78F1CAEC684004F93F5 /* PBXTargetDependency */ = {
			isa = PBXTargetDependency;
			target = 37E08BDA1C63BBD500369E84 /* Comanda */;
			targetProxy = 3742F78E1CAEC684004F93F5 /* PBXContainerItemProxy */;
		};
		3742F79D1CAEC6A8004F93F5 /* PBXTargetDependency */ = {
			isa = PBXTargetDependency;
			target = 37E08BDA1C63BBD500369E84 /* Comanda */;
			targetProxy = 3742F79C1CAEC6A8004F93F5 /* PBXContainerItemProxy */;
		};
		4B004C331C9C4B4C002610C5 /* PBXTargetDependency */ = {
			isa = PBXTargetDependency;
			target = 4B004C2F1C9C4B4C002610C5 /* Comanda-Watch Extension */;
			targetProxy = 4B004C321C9C4B4C002610C5 /* PBXContainerItemProxy */;
		};
		4B004C451C9C4B4C002610C5 /* PBXTargetDependency */ = {
			isa = PBXTargetDependency;
			target = 4B004C231C9C4B4C002610C5 /* Comanda-Watch */;
			targetProxy = 4B004C441C9C4B4C002610C5 /* PBXContainerItemProxy */;
		};
/* End PBXTargetDependency section */

/* Begin PBXVariantGroup section */
		37E08BE21C63BBD500369E84 /* Main.storyboard */ = {
			isa = PBXVariantGroup;
			children = (
				37E08BE31C63BBD500369E84 /* Base */,
				37D2FD051CAEB9560033C7B8 /* pt-BR */,
				4B6333901D399226002D993F /* en */,
			);
			name = Main.storyboard;
			sourceTree = "<group>";
		};
		37E08BE71C63BBD500369E84 /* LaunchScreen.storyboard */ = {
			isa = PBXVariantGroup;
			children = (
				37E08BE81C63BBD500369E84 /* Base */,
				37D2FD061CAEB9560033C7B8 /* pt-BR */,
				4B6333911D399226002D993F /* en */,
			);
			name = LaunchScreen.storyboard;
			sourceTree = "<group>";
		};
		4B004C261C9C4B4C002610C5 /* Interface.storyboard */ = {
			isa = PBXVariantGroup;
			children = (
				4B004C271C9C4B4C002610C5 /* Base */,
				37D2FD071CAEB9560033C7B8 /* pt-BR */,
				4B6333921D399226002D993F /* en */,
			);
			name = Interface.storyboard;
			sourceTree = "<group>";
		};
/* End PBXVariantGroup section */

/* Begin XCBuildConfiguration section */
		3742F7911CAEC684004F93F5 /* Debug */ = {
			isa = XCBuildConfiguration;
			buildSettings = {
				CLANG_ANALYZER_NONNULL = YES;
				INFOPLIST_FILE = ComandaUITests/Info.plist;
				IPHONEOS_DEPLOYMENT_TARGET = 9.3;
				LD_RUNPATH_SEARCH_PATHS = "$(inherited) @executable_path/Frameworks @loader_path/Frameworks";
				PRODUCT_BUNDLE_IDENTIFIER = MackMobile.ComandaUITests;
				PRODUCT_NAME = "$(TARGET_NAME)";
				TEST_TARGET_NAME = Comanda;
			};
			name = Debug;
		};
		3742F7921CAEC684004F93F5 /* Release */ = {
			isa = XCBuildConfiguration;
			buildSettings = {
				CLANG_ANALYZER_NONNULL = YES;
				INFOPLIST_FILE = ComandaUITests/Info.plist;
				IPHONEOS_DEPLOYMENT_TARGET = 9.3;
				LD_RUNPATH_SEARCH_PATHS = "$(inherited) @executable_path/Frameworks @loader_path/Frameworks";
				PRODUCT_BUNDLE_IDENTIFIER = MackMobile.ComandaUITests;
				PRODUCT_NAME = "$(TARGET_NAME)";
				TEST_TARGET_NAME = Comanda;
			};
			name = Release;
		};
		3742F79F1CAEC6A8004F93F5 /* Debug */ = {
			isa = XCBuildConfiguration;
			buildSettings = {
				BUNDLE_LOADER = "$(TEST_HOST)";
				CLANG_ANALYZER_NONNULL = YES;
				INFOPLIST_FILE = ComandaTests/Info.plist;
				IPHONEOS_DEPLOYMENT_TARGET = 9.3;
				LD_RUNPATH_SEARCH_PATHS = "$(inherited) @executable_path/Frameworks @loader_path/Frameworks";
				PRODUCT_BUNDLE_IDENTIFIER = MackMobile.ComandaTests;
				PRODUCT_NAME = "$(TARGET_NAME)";
				TEST_HOST = "$(BUILT_PRODUCTS_DIR)/Comanda.app/Comanda";
			};
			name = Debug;
		};
		3742F7A01CAEC6A8004F93F5 /* Release */ = {
			isa = XCBuildConfiguration;
			buildSettings = {
				BUNDLE_LOADER = "$(TEST_HOST)";
				CLANG_ANALYZER_NONNULL = YES;
				INFOPLIST_FILE = ComandaTests/Info.plist;
				IPHONEOS_DEPLOYMENT_TARGET = 9.3;
				LD_RUNPATH_SEARCH_PATHS = "$(inherited) @executable_path/Frameworks @loader_path/Frameworks";
				PRODUCT_BUNDLE_IDENTIFIER = MackMobile.ComandaTests;
				PRODUCT_NAME = "$(TARGET_NAME)";
				TEST_HOST = "$(BUILT_PRODUCTS_DIR)/Comanda.app/Comanda";
			};
			name = Release;
		};
		37E08C011C63BBD500369E84 /* Debug */ = {
			isa = XCBuildConfiguration;
			buildSettings = {
				ALWAYS_SEARCH_USER_PATHS = NO;
				CLANG_CXX_LANGUAGE_STANDARD = "gnu++0x";
				CLANG_CXX_LIBRARY = "libc++";
				CLANG_ENABLE_MODULES = YES;
				CLANG_ENABLE_OBJC_ARC = YES;
				CLANG_WARN_BOOL_CONVERSION = YES;
				CLANG_WARN_CONSTANT_CONVERSION = YES;
				CLANG_WARN_DIRECT_OBJC_ISA_USAGE = YES_ERROR;
				CLANG_WARN_EMPTY_BODY = YES;
				CLANG_WARN_ENUM_CONVERSION = YES;
				CLANG_WARN_INT_CONVERSION = YES;
				CLANG_WARN_OBJC_ROOT_CLASS = YES_ERROR;
				CLANG_WARN_UNREACHABLE_CODE = YES;
				CLANG_WARN__DUPLICATE_METHOD_MATCH = YES;
				"CODE_SIGN_IDENTITY[sdk=iphoneos*]" = "iPhone Developer";
				COPY_PHASE_STRIP = NO;
				DEBUG_INFORMATION_FORMAT = dwarf;
				ENABLE_STRICT_OBJC_MSGSEND = YES;
				ENABLE_TESTABILITY = YES;
				GCC_C_LANGUAGE_STANDARD = gnu99;
				GCC_DYNAMIC_NO_PIC = NO;
				GCC_NO_COMMON_BLOCKS = YES;
				GCC_OPTIMIZATION_LEVEL = 0;
				GCC_PREPROCESSOR_DEFINITIONS = (
					"DEBUG=1",
					"$(inherited)",
				);
				GCC_WARN_64_TO_32_BIT_CONVERSION = YES;
				GCC_WARN_ABOUT_RETURN_TYPE = YES_ERROR;
				GCC_WARN_UNDECLARED_SELECTOR = YES;
				GCC_WARN_UNINITIALIZED_AUTOS = YES_AGGRESSIVE;
				GCC_WARN_UNUSED_FUNCTION = YES;
				GCC_WARN_UNUSED_VARIABLE = YES;
				IPHONEOS_DEPLOYMENT_TARGET = 9.2;
				MTL_ENABLE_DEBUG_INFO = YES;
				ONLY_ACTIVE_ARCH = YES;
				SDKROOT = iphoneos;
				SWIFT_OPTIMIZATION_LEVEL = "-Onone";
				TARGETED_DEVICE_FAMILY = "1,2";
			};
			name = Debug;
		};
		37E08C021C63BBD500369E84 /* Release */ = {
			isa = XCBuildConfiguration;
			buildSettings = {
				ALWAYS_SEARCH_USER_PATHS = NO;
				CLANG_CXX_LANGUAGE_STANDARD = "gnu++0x";
				CLANG_CXX_LIBRARY = "libc++";
				CLANG_ENABLE_MODULES = YES;
				CLANG_ENABLE_OBJC_ARC = YES;
				CLANG_WARN_BOOL_CONVERSION = YES;
				CLANG_WARN_CONSTANT_CONVERSION = YES;
				CLANG_WARN_DIRECT_OBJC_ISA_USAGE = YES_ERROR;
				CLANG_WARN_EMPTY_BODY = YES;
				CLANG_WARN_ENUM_CONVERSION = YES;
				CLANG_WARN_INT_CONVERSION = YES;
				CLANG_WARN_OBJC_ROOT_CLASS = YES_ERROR;
				CLANG_WARN_UNREACHABLE_CODE = YES;
				CLANG_WARN__DUPLICATE_METHOD_MATCH = YES;
				"CODE_SIGN_IDENTITY[sdk=iphoneos*]" = "iPhone Developer";
				COPY_PHASE_STRIP = NO;
				DEBUG_INFORMATION_FORMAT = "dwarf-with-dsym";
				ENABLE_NS_ASSERTIONS = NO;
				ENABLE_STRICT_OBJC_MSGSEND = YES;
				GCC_C_LANGUAGE_STANDARD = gnu99;
				GCC_NO_COMMON_BLOCKS = YES;
				GCC_WARN_64_TO_32_BIT_CONVERSION = YES;
				GCC_WARN_ABOUT_RETURN_TYPE = YES_ERROR;
				GCC_WARN_UNDECLARED_SELECTOR = YES;
				GCC_WARN_UNINITIALIZED_AUTOS = YES_AGGRESSIVE;
				GCC_WARN_UNUSED_FUNCTION = YES;
				GCC_WARN_UNUSED_VARIABLE = YES;
				IPHONEOS_DEPLOYMENT_TARGET = 9.2;
				MTL_ENABLE_DEBUG_INFO = NO;
				SDKROOT = iphoneos;
				TARGETED_DEVICE_FAMILY = "1,2";
				VALIDATE_PRODUCT = YES;
			};
			name = Release;
		};
		37E08C041C63BBD500369E84 /* Debug */ = {
			isa = XCBuildConfiguration;
			buildSettings = {
				ASSETCATALOG_COMPILER_APPICON_NAME = AppIcon;
				CODE_SIGN_IDENTITY = "iPhone Developer";
				"CODE_SIGN_IDENTITY[sdk=iphoneos*]" = "iPhone Developer";
				INFOPLIST_FILE = control/Info.plist;
				IPHONEOS_DEPLOYMENT_TARGET = 9.2;
				LD_RUNPATH_SEARCH_PATHS = "$(inherited) @executable_path/Frameworks";
				PRODUCT_BUNDLE_IDENTIFIER = com.br.mackmobile.comanda;
				PRODUCT_NAME = "$(TARGET_NAME)";
				PROVISIONING_PROFILE = "";
				TARGETED_DEVICE_FAMILY = 1;
			};
			name = Debug;
		};
		37E08C051C63BBD500369E84 /* Release */ = {
			isa = XCBuildConfiguration;
			buildSettings = {
				ASSETCATALOG_COMPILER_APPICON_NAME = AppIcon;
				CODE_SIGN_IDENTITY = "iPhone Developer";
				"CODE_SIGN_IDENTITY[sdk=iphoneos*]" = "iPhone Developer";
				INFOPLIST_FILE = control/Info.plist;
				IPHONEOS_DEPLOYMENT_TARGET = 9.2;
				LD_RUNPATH_SEARCH_PATHS = "$(inherited) @executable_path/Frameworks";
				PRODUCT_BUNDLE_IDENTIFIER = com.br.mackmobile.comanda;
				PRODUCT_NAME = "$(TARGET_NAME)";
				PROVISIONING_PROFILE = "";
				TARGETED_DEVICE_FAMILY = 1;
			};
			name = Release;
		};
		4B004C471C9C4B4C002610C5 /* Debug */ = {
			isa = XCBuildConfiguration;
			buildSettings = {
				ASSETCATALOG_COMPILER_APPICON_NAME = AppIcon;
				CODE_SIGN_IDENTITY = "iPhone Developer";
				"CODE_SIGN_IDENTITY[sdk=watchos*]" = "iPhone Developer";
				EMBEDDED_CONTENT_CONTAINS_SWIFT = YES;
				IBSC_MODULE = Control_Watch_Extension;
				INFOPLIST_FILE = "Control-Watch/Info.plist";
				PRODUCT_BUNDLE_IDENTIFIER = com.br.mackmobile.comanda.watchkitapp;
				PRODUCT_NAME = "$(TARGET_NAME)";
				PROVISIONING_PROFILE = "";
				SDKROOT = watchos;
				SKIP_INSTALL = YES;
				TARGETED_DEVICE_FAMILY = 4;
				WATCHOS_DEPLOYMENT_TARGET = 2.1;
			};
			name = Debug;
		};
		4B004C481C9C4B4C002610C5 /* Release */ = {
			isa = XCBuildConfiguration;
			buildSettings = {
				ASSETCATALOG_COMPILER_APPICON_NAME = AppIcon;
				CODE_SIGN_IDENTITY = "iPhone Developer";
				"CODE_SIGN_IDENTITY[sdk=watchos*]" = "iPhone Developer";
				EMBEDDED_CONTENT_CONTAINS_SWIFT = YES;
				IBSC_MODULE = Control_Watch_Extension;
				INFOPLIST_FILE = "Control-Watch/Info.plist";
				PRODUCT_BUNDLE_IDENTIFIER = com.br.mackmobile.comanda.watchkitapp;
				PRODUCT_NAME = "$(TARGET_NAME)";
				PROVISIONING_PROFILE = "";
				SDKROOT = watchos;
				SKIP_INSTALL = YES;
				TARGETED_DEVICE_FAMILY = 4;
				WATCHOS_DEPLOYMENT_TARGET = 2.1;
			};
			name = Release;
		};
		4B004C491C9C4B4C002610C5 /* Debug */ = {
			isa = XCBuildConfiguration;
			buildSettings = {
				ASSETCATALOG_COMPILER_COMPLICATION_NAME = Complication;
				CODE_SIGN_IDENTITY = "iPhone Developer";
				"CODE_SIGN_IDENTITY[sdk=watchos*]" = "iPhone Developer";
				INFOPLIST_FILE = "Control-Watch Extension/Info.plist";
				LD_RUNPATH_SEARCH_PATHS = "$(inherited) @executable_path/Frameworks @executable_path/../../Frameworks";
				PRODUCT_BUNDLE_IDENTIFIER = com.br.mackmobile.comanda.watchkitapp.watchkitextension;
				PRODUCT_NAME = "${TARGET_NAME}";
				PROVISIONING_PROFILE = "";
				SDKROOT = watchos;
				SKIP_INSTALL = YES;
				TARGETED_DEVICE_FAMILY = 4;
				WATCHOS_DEPLOYMENT_TARGET = 2.1;
			};
			name = Debug;
		};
		4B004C4A1C9C4B4C002610C5 /* Release */ = {
			isa = XCBuildConfiguration;
			buildSettings = {
				ASSETCATALOG_COMPILER_COMPLICATION_NAME = Complication;
				CODE_SIGN_IDENTITY = "iPhone Developer";
				"CODE_SIGN_IDENTITY[sdk=watchos*]" = "iPhone Developer";
				INFOPLIST_FILE = "Control-Watch Extension/Info.plist";
				LD_RUNPATH_SEARCH_PATHS = "$(inherited) @executable_path/Frameworks @executable_path/../../Frameworks";
				PRODUCT_BUNDLE_IDENTIFIER = com.br.mackmobile.comanda.watchkitapp.watchkitextension;
				PRODUCT_NAME = "${TARGET_NAME}";
				PROVISIONING_PROFILE = "";
				SDKROOT = watchos;
				SKIP_INSTALL = YES;
				TARGETED_DEVICE_FAMILY = 4;
				WATCHOS_DEPLOYMENT_TARGET = 2.1;
			};
			name = Release;
		};
/* End XCBuildConfiguration section */

/* Begin XCConfigurationList section */
		3742F7901CAEC684004F93F5 /* Build configuration list for PBXNativeTarget "ComandaUITests" */ = {
			isa = XCConfigurationList;
			buildConfigurations = (
				3742F7911CAEC684004F93F5 /* Debug */,
				3742F7921CAEC684004F93F5 /* Release */,
			);
			defaultConfigurationIsVisible = 0;
			defaultConfigurationName = Release;
		};
		3742F79E1CAEC6A8004F93F5 /* Build configuration list for PBXNativeTarget "ComandaTests" */ = {
			isa = XCConfigurationList;
			buildConfigurations = (
				3742F79F1CAEC6A8004F93F5 /* Debug */,
				3742F7A01CAEC6A8004F93F5 /* Release */,
			);
			defaultConfigurationIsVisible = 0;
			defaultConfigurationName = Release;
		};
		37E08BD61C63BBD500369E84 /* Build configuration list for PBXProject "control" */ = {
			isa = XCConfigurationList;
			buildConfigurations = (
				37E08C011C63BBD500369E84 /* Debug */,
				37E08C021C63BBD500369E84 /* Release */,
			);
			defaultConfigurationIsVisible = 0;
			defaultConfigurationName = Release;
		};
		37E08C031C63BBD500369E84 /* Build configuration list for PBXNativeTarget "Comanda" */ = {
			isa = XCConfigurationList;
			buildConfigurations = (
				37E08C041C63BBD500369E84 /* Debug */,
				37E08C051C63BBD500369E84 /* Release */,
			);
			defaultConfigurationIsVisible = 0;
			defaultConfigurationName = Release;
		};
		4B004C4B1C9C4B4C002610C5 /* Build configuration list for PBXNativeTarget "Comanda-Watch Extension" */ = {
			isa = XCConfigurationList;
			buildConfigurations = (
				4B004C491C9C4B4C002610C5 /* Debug */,
				4B004C4A1C9C4B4C002610C5 /* Release */,
			);
			defaultConfigurationIsVisible = 0;
			defaultConfigurationName = Release;
		};
		4B004C4D1C9C4B4C002610C5 /* Build configuration list for PBXNativeTarget "Comanda-Watch" */ = {
			isa = XCConfigurationList;
			buildConfigurations = (
				4B004C471C9C4B4C002610C5 /* Debug */,
				4B004C481C9C4B4C002610C5 /* Release */,
			);
			defaultConfigurationIsVisible = 0;
			defaultConfigurationName = Release;
		};
/* End XCConfigurationList section */

/* Begin XCVersionGroup section */
		4B3F613C1C989423008BB972 /* control.xcdatamodeld */ = {
			isa = XCVersionGroup;
			children = (
				4B3F613D1C989423008BB972 /* control.xcdatamodel */,
			);
			currentVersion = 4B3F613D1C989423008BB972 /* control.xcdatamodel */;
			path = control.xcdatamodeld;
			sourceTree = "<group>";
			versionGroupType = wrapper.xcdatamodel;
		};
/* End XCVersionGroup section */
	};
	rootObject = 37E08BD31C63BBD500369E84 /* Project object */;
}
